# THIS IS AN AUTOGENERATED FILE. DO NOT EDIT THIS FILE DIRECTLY.
# yarn lockfile v1


"@types/node@^12.11.5":
  version "12.20.11"
  resolved "https://registry.yarnpkg.com/@types/node/-/node-12.20.11.tgz#980832cd56efafff8c18aa148c4085eb02a483f4"
  integrity sha512-gema+apZ6qLQK7k7F0dGkGCWQYsL0qqKORWOQO6tq46q+x+1C0vbOiOqOwRVlh4RAdbQwV/j/ryr3u5NOG1fPQ==

axios-retry@3.1.9:
  version "3.1.9"
  resolved "https://registry.yarnpkg.com/axios-retry/-/axios-retry-3.1.9.tgz#6c30fc9aeb4519aebaec758b90ef56fa03fe72e8"
  integrity sha512-NFCoNIHq8lYkJa6ku4m+V1837TP6lCa7n79Iuf8/AqATAHYB0ISaAS1eyIenDOfHOLtym34W65Sjke2xjg2fsA==
  dependencies:
    is-retry-allowed "^1.1.0"

axios@^0.21.1:
  version "0.21.1"
  resolved "https://registry.yarnpkg.com/axios/-/axios-0.21.1.tgz#22563481962f4d6bde9a76d516ef0e5d3c09b2b8"
  integrity sha512-dKQiRHxGD9PPRIUNIWvZhPTPpl1rf/OxTYKsqKUDjBwYylTvV7SjSHJb9ratfyzM6wCdLCOYLzs73qpg5c4iGA==
  dependencies:
    follow-redirects "^1.10.0"

follow-redirects@^1.10.0:
  version "1.14.0"
  resolved "https://registry.yarnpkg.com/follow-redirects/-/follow-redirects-1.14.0.tgz#f5d260f95c5f8c105894491feee5dc8993b402fe"
  integrity sha512-0vRwd7RKQBTt+mgu87mtYeofLFZpTas2S9zY+jIeuLJMNvudIgF52nr19q40HOwH5RrhWIPuj9puybzSJiRrVg==

is-retry-allowed@^1.1.0:
  version "1.2.0"
  resolved "https://registry.yarnpkg.com/is-retry-allowed/-/is-retry-allowed-1.2.0.tgz#d778488bd0a4666a3be8a1482b9f2baafedea8b4"
  integrity sha512-RUbUeKwvm3XG2VYamhJL1xFktgjvPzL0Hq8C+6yrWIswDy3BIXGqCxhxkc30N9jqK311gVU137K8Ei55/zVJRg==

typescript@^3.6.4:
  version "3.9.9"
  resolved "https://registry.yarnpkg.com/typescript/-/typescript-3.9.9.tgz#e69905c54bc0681d0518bd4d587cc6f2d0b1a674"
  integrity sha512-kdMjTiekY+z/ubJCATUPlRDl39vXYiMV9iyeMuEuXZh2we6zz80uovNN2WlAxmmdE/Z/YQe+EbOEXB5RHEED3w==
